{
  "name": "pull-publish",
  "version": "1.0.0",
  "lockfileVersion": 2,
  "requires": true,
  "packages": {
    "": {
      "name": "pull-publish",
      "version": "1.0.0",
      "license": "ISC",
      "dependencies": {
        "@rinish2510/custom-library": "^1.0.0"
      }
    },
    "node_modules/@rinish2510/custom-library": {
      "version": "1.0.0",
      "resolved": "https://registry.npmjs.org/@rinish2510/custom-library/-/custom-library-1.0.0.tgz",
      "integrity": "sha512-ZyjnaixlwlK67GGQTpnoJagwUZdRYU6OWFBCy9SQxLyd3Ip0VQeK5VLGDc1jZCizv6a3USpB6hqZSitiAS9hbQ==",
      "dependencies": {
        "lodash.concat": "^4.5.0"
      }
    },
    "node_modules/lodash.concat": {
      "version": "4.5.0",
      "resolved": "https://registry.npmjs.org/lodash.concat/-/lodash.concat-4.5.0.tgz",
      "integrity": "sha512-US6b1Nqek3shg2qmv1IjTN5P7tPL1RKu77VpdGtVprxmnTI/HlsHGqI2Oa5Irznk0ZB5IXHwocMeMZK8vf4+CA=="
    }
  },
  "dependencies": {
    "@rinish2510/custom-library": {
      "version": "1.0.0",
      "resolved": "https://registry.npmjs.org/@rinish2510/custom-library/-/custom-library-1.0.0.tgz",
      "integrity": "sha512-ZyjnaixlwlK67GGQTpnoJagwUZdRYU6OWFBCy9SQxLyd3Ip0VQeK5VLGDc1jZCizv6a3USpB6hqZSitiAS9hbQ==",
      "requires": {
        "lodash.concat": "^4.5.0"
      }
    },
    "lodash.concat": {
      "version": "4.5.0",
      "resolved": "https://registry.npmjs.org/lodash.concat/-/lodash.concat-4.5.0.tgz",
      "integrity": "sha512-US6b1Nqek3shg2qmv1IjTN5P7tPL1RKu77VpdGtVprxmnTI/HlsHGqI2Oa5Irznk0ZB5IXHwocMeMZK8vf4+CA=="
    }
  }
}
